// !$*UTF8*$!
{
	archiveVersion = 1;
	classes = {
	};
	objectVersion = 48;
	objects = {

/* Begin PBXBuildFile section */
		F609BEE81FC53AFE00E11A48 /* ApiService.swift in Sources */ = {isa = PBXBuildFile; fileRef = F609BEE71FC53AFE00E11A48 /* ApiService.swift */; };
		F616B03A1FC1AC2900342433 /* Video.swift in Sources */ = {isa = PBXBuildFile; fileRef = F616B0391FC1AC2900342433 /* Video.swift */; };
		F620DD2B1FC56741007F1F05 /* FeedCell.swift in Sources */ = {isa = PBXBuildFile; fileRef = F620DD2A1FC56741007F1F05 /* FeedCell.swift */; };
		F64DEFDE1FC1849200B97406 /* Extensions.swift in Sources */ = {isa = PBXBuildFile; fileRef = F64DEFDD1FC1849200B97406 /* Extensions.swift */; };
		F64DEFE11FC184F800B97406 /* VideoCell.swift in Sources */ = {isa = PBXBuildFile; fileRef = F64DEFE01FC184F800B97406 /* VideoCell.swift */; };
		F64DEFE41FC186F100B97406 /* MenuBar.swift in Sources */ = {isa = PBXBuildFile; fileRef = F64DEFE31FC186F100B97406 /* MenuBar.swift */; };
		F65070411FC2C19C00178775 /* SettingsLauncher.swift in Sources */ = {isa = PBXBuildFile; fileRef = F65070401FC2C19C00178775 /* SettingsLauncher.swift */; };
		F65070431FC2CCB000178775 /* SettingCell.swift in Sources */ = {isa = PBXBuildFile; fileRef = F65070421FC2CCB000178775 /* SettingCell.swift */; };
		F6EEBF0C1FC0711D0032B8A8 /* AppDelegate.swift in Sources */ = {isa = PBXBuildFile; fileRef = F6EEBF0B1FC0711D0032B8A8 /* AppDelegate.swift */; };
		F6EEBF0E1FC0711D0032B8A8 /* HomeController.swift in Sources */ = {isa = PBXBuildFile; fileRef = F6EEBF0D1FC0711D0032B8A8 /* HomeController.swift */; };
		F6EEBF111FC0711D0032B8A8 /* Main.storyboard in Resources */ = {isa = PBXBuildFile; fileRef = F6EEBF0F1FC0711D0032B8A8 /* Main.storyboard */; };
		F6EEBF131FC0711D0032B8A8 /* Assets.xcassets in Resources */ = {isa = PBXBuildFile; fileRef = F6EEBF121FC0711D0032B8A8 /* Assets.xcassets */; };
		F6EEBF161FC0711D0032B8A8 /* LaunchScreen.storyboard in Resources */ = {isa = PBXBuildFile; fileRef = F6EEBF141FC0711D0032B8A8 /* LaunchScreen.storyboard */; };
/* End PBXBuildFile section */

/* Begin PBXFileReference section */
		F609BEE71FC53AFE00E11A48 /* ApiService.swift */ = {isa = PBXFileReference; lastKnownFileType = sourcecode.swift; path = ApiService.swift; sourceTree = "<group>"; };
		F616B0391FC1AC2900342433 /* Video.swift */ = {isa = PBXFileReference; lastKnownFileType = sourcecode.swift; path = Video.swift; sourceTree = "<group>"; };
		F620DD2A1FC56741007F1F05 /* FeedCell.swift */ = {isa = PBXFileReference; lastKnownFileType = sourcecode.swift; path = FeedCell.swift; sourceTree = "<group>"; };
		F64DEFDD1FC1849200B97406 /* Extensions.swift */ = {isa = PBXFileReference; lastKnownFileType = sourcecode.swift; path = Extensions.swift; sourceTree = "<group>"; };
		F64DEFE01FC184F800B97406 /* VideoCell.swift */ = {isa = PBXFileReference; lastKnownFileType = sourcecode.swift; path = VideoCell.swift; sourceTree = "<group>"; };
		F64DEFE31FC186F100B97406 /* MenuBar.swift */ = {isa = PBXFileReference; lastKnownFileType = sourcecode.swift; path = MenuBar.swift; sourceTree = "<group>"; };
		F65070401FC2C19C00178775 /* SettingsLauncher.swift */ = {isa = PBXFileReference; lastKnownFileType = sourcecode.swift; path = SettingsLauncher.swift; sourceTree = "<group>"; };
		F65070421FC2CCB000178775 /* SettingCell.swift */ = {isa = PBXFileReference; lastKnownFileType = sourcecode.swift; path = SettingCell.swift; sourceTree = "<group>"; };
		F6EEBF081FC0711D0032B8A8 /* youtube.app */ = {isa = PBXFileReference; explicitFileType = wrapper.application; includeInIndex = 0; path = youtube.app; sourceTree = BUILT_PRODUCTS_DIR; };
		F6EEBF0B1FC0711D0032B8A8 /* AppDelegate.swift */ = {isa = PBXFileReference; lastKnownFileType = sourcecode.swift; path = AppDelegate.swift; sourceTree = "<group>"; };
		F6EEBF0D1FC0711D0032B8A8 /* HomeController.swift */ = {isa = PBXFileReference; lastKnownFileType = sourcecode.swift; path = HomeController.swift; sourceTree = "<group>"; };
		F6EEBF101FC0711D0032B8A8 /* Base */ = {isa = PBXFileReference; lastKnownFileType = file.storyboard; name = Base; path = Base.lproj/Main.storyboard; sourceTree = "<group>"; };
		F6EEBF121FC0711D0032B8A8 /* Assets.xcassets */ = {isa = PBXFileReference; lastKnownFileType = folder.assetcatalog; path = Assets.xcassets; sourceTree = "<group>"; };
		F6EEBF151FC0711D0032B8A8 /* Base */ = {isa = PBXFileReference; lastKnownFileType = file.storyboard; name = Base; path = Base.lproj/LaunchScreen.storyboard; sourceTree = "<group>"; };
		F6EEBF171FC0711D0032B8A8 /* Info.plist */ = {isa = PBXFileReference; lastKnownFileType = text.plist.xml; path = Info.plist; sourceTree = "<group>"; };
/* End PBXFileReference section */

/* Begin PBXFrameworksBuildPhase section */
		F6EEBF051FC0711D0032B8A8 /* Frameworks */ = {
			isa = PBXFrameworksBuildPhase;
			buildActionMask = 2147483647;
			files = (
			);
			runOnlyForDeploymentPostprocessing = 0;
		};
/* End PBXFrameworksBuildPhase section */

/* Begin PBXGroup section */
		F609BEE61FC53ADF00E11A48 /* Services */ = {
			isa = PBXGroup;
			children = (
				F609BEE71FC53AFE00E11A48 /* ApiService.swift */,
			);
			path = Services;
			sourceTree = "<group>";
		};
		F616B0381FC1AC1100342433 /* Models */ = {
			isa = PBXGroup;
			children = (
				F616B0391FC1AC2900342433 /* Video.swift */,
			);
			path = Models;
			sourceTree = "<group>";
		};
		F64DEFDC1FC1847700B97406 /* Helpers */ = {
			isa = PBXGroup;
			children = (
				F64DEFDD1FC1849200B97406 /* Extensions.swift */,
			);
			path = Helpers;
			sourceTree = "<group>";
		};
		F64DEFDF1FC184E100B97406 /* Views */ = {
			isa = PBXGroup;
			children = (
				F64DEFE01FC184F800B97406 /* VideoCell.swift */,
				F64DEFE31FC186F100B97406 /* MenuBar.swift */,
				F65070421FC2CCB000178775 /* SettingCell.swift */,
				F620DD2A1FC56741007F1F05 /* FeedCell.swift */,
			);
			path = Views;
			sourceTree = "<group>";
		};
		F64DEFE21FC1851B00B97406 /* Controllers */ = {
			isa = PBXGroup;
			children = (
				F6EEBF0D1FC0711D0032B8A8 /* HomeController.swift */,
				F65070401FC2C19C00178775 /* SettingsLauncher.swift */,
			);
			path = Controllers;
			sourceTree = "<group>";
		};
		F6EEBEFF1FC0711D0032B8A8 = {
			isa = PBXGroup;
			children = (
				F6EEBF0A1FC0711D0032B8A8 /* youtube */,
				F6EEBF091FC0711D0032B8A8 /* Products */,
			);
			sourceTree = "<group>";
		};
		F6EEBF091FC0711D0032B8A8 /* Products */ = {
			isa = PBXGroup;
			children = (
				F6EEBF081FC0711D0032B8A8 /* youtube.app */,
			);
			name = Products;
			sourceTree = "<group>";
		};
		F6EEBF0A1FC0711D0032B8A8 /* youtube */ = {
			isa = PBXGroup;
			children = (
				F609BEE61FC53ADF00E11A48 /* Services */,
				F616B0381FC1AC1100342433 /* Models */,
				F64DEFDF1FC184E100B97406 /* Views */,
				F64DEFE21FC1851B00B97406 /* Controllers */,
				F64DEFDC1FC1847700B97406 /* Helpers */,
				F6EEBF0B1FC0711D0032B8A8 /* AppDelegate.swift */,
				F6EEBF0F1FC0711D0032B8A8 /* Main.storyboard */,
				F6EEBF121FC0711D0032B8A8 /* Assets.xcassets */,
				F6EEBF141FC0711D0032B8A8 /* LaunchScreen.storyboard */,
				F6EEBF171FC0711D0032B8A8 /* Info.plist */,
			);
			path = youtube;
			sourceTree = "<group>";
		};
/* End PBXGroup section */

/* Begin PBXNativeTarget section */
		F6EEBF071FC0711D0032B8A8 /* youtube */ = {
			isa = PBXNativeTarget;
			buildConfigurationList = F6EEBF1A1FC0711D0032B8A8 /* Build configuration list for PBXNativeTarget "youtube" */;
			buildPhases = (
				F6EEBF041FC0711D0032B8A8 /* Sources */,
				F6EEBF051FC0711D0032B8A8 /* Frameworks */,
				F6EEBF061FC0711D0032B8A8 /* Resources */,
			);
			buildRules = (
			);
			dependencies = (
			);
			name = youtube;
			productName = youtube;
			productReference = F6EEBF081FC0711D0032B8A8 /* youtube.app */;
			productType = "com.apple.product-type.application";
		};
/* End PBXNativeTarget section */

/* Begin PBXProject section */
		F6EEBF001FC0711D0032B8A8 /* Project object */ = {
			isa = PBXProject;
			attributes = {
				LastSwiftUpdateCheck = 0910;
				LastUpgradeCheck = 0910;
				ORGANIZATIONNAME = "Lewis Le";
				TargetAttributes = {
					F6EEBF071FC0711D0032B8A8 = {
						CreatedOnToolsVersion = 9.1;
						ProvisioningStyle = Automatic;
					};
				};
			};
			buildConfigurationList = F6EEBF031FC0711D0032B8A8 /* Build configuration list for PBXProject "youtube" */;
			compatibilityVersion = "Xcode 8.0";
			developmentRegion = en;
			hasScannedForEncodings = 0;
			knownRegions = (
				en,
				Base,
			);
			mainGroup = F6EEBEFF1FC0711D0032B8A8;
			productRefGroup = F6EEBF091FC0711D0032B8A8 /* Products */;
			projectDirPath = "";
			projectRoot = "";
			targets = (
				F6EEBF071FC0711D0032B8A8 /* youtube */,
			);
		};
/* End PBXProject section */

/* Begin PBXResourcesBuildPhase section */
		F6EEBF061FC0711D0032B8A8 /* Resources */ = {
			isa = PBXResourcesBuildPhase;
			buildActionMask = 2147483647;
			files = (
				F6EEBF161FC0711D0032B8A8 /* LaunchScreen.storyboard in Resources */,
				F6EEBF131FC0711D0032B8A8 /* Assets.xcassets in Resources */,
				F6EEBF111FC0711D0032B8A8 /* Main.storyboard in Resources */,
			);
			runOnlyForDeploymentPostprocessing = 0;
		};
/* End PBXResourcesBuildPhase section */

/* Begin PBXSourcesBuildPhase section */
		F6EEBF041FC0711D0032B8A8 /* Sources */ = {
			isa = PBXSourcesBuildPhase;
			buildActionMask = 2147483647;
			files = (
				F6EEBF0E1FC0711D0032B8A8 /* HomeController.swift in Sources */,
				F620DD2B1FC56741007F1F05 /* FeedCell.swift in Sources */,
				F616B03A1FC1AC2900342433 /* Video.swift in Sources */,
				F65070431FC2CCB000178775 /* SettingCell.swift in Sources */,
				F64DEFE11FC184F800B97406 /* VideoCell.swift in Sources */,
				F65070411FC2C19C00178775 /* SettingsLauncher.swift in Sources */,
				F609BEE81FC53AFE00E11A48 /* ApiService.swift in Sources */,
				F64DEFDE1FC1849200B97406 /* Extensions.swift in Sources */,
				F6EEBF0C1FC0711D0032B8A8 /* AppDelegate.swift in Sources */,
				F64DEFE41FC186F100B97406 /* MenuBar.swift in Sources */,
			);
			runOnlyForDeploymentPostprocessing = 0;
		};
/* End PBXSourcesBuildPhase section */

/* Begin PBXVariantGroup section */
		F6EEBF0F1FC0711D0032B8A8 /* Main.storyboard */ = {
			isa = PBXVariantGroup;
			children = (
				F6EEBF101FC0711D0032B8A8 /* Base */,
			);
			name = Main.storyboard;
			sourceTree = "<group>";
		};
		F6EEBF141FC0711D0032B8A8 /* LaunchScreen.storyboard */ = {
			isa = PBXVariantGroup;
			children = (
				F6EEBF151FC0711D0032B8A8 /* Base */,
			);
			name = LaunchScreen.storyboard;
			sourceTree = "<group>";
		};
/* End PBXVariantGroup section */

/* Begin XCBuildConfiguration section */
		F6EEBF181FC0711D0032B8A8 /* Debug */ = {
			isa = XCBuildConfiguration;
			buildSettings = {
				ALWAYS_SEARCH_USER_PATHS = NO;
				CLANG_ANALYZER_NONNULL = YES;
				CLANG_ANALYZER_NUMBER_OBJECT_CONVERSION = YES_AGGRESSIVE;
				CLANG_CXX_LANGUAGE_STANDARD = "gnu++14";
				CLANG_CXX_LIBRARY = "libc++";
				CLANG_ENABLE_MODULES = YES;
				CLANG_ENABLE_OBJC_ARC = YES;
				CLANG_WARN_BLOCK_CAPTURE_AUTORELEASING = YES;
				CLANG_WARN_BOOL_CONVERSION = YES;
				CLANG_WARN_COMMA = YES;
				CLANG_WARN_CONSTANT_CONVERSION = YES;
				CLANG_WARN_DIRECT_OBJC_ISA_USAGE = YES_ERROR;
				CLANG_WARN_DOCUMENTATION_COMMENTS = YES;
				CLANG_WARN_EMPTY_BODY = YES;
				CLANG_WARN_ENUM_CONVERSION = YES;
				CLANG_WARN_INFINITE_RECURSION = YES;
				CLANG_WARN_INT_CONVERSION = YES;
				CLANG_WARN_NON_LITERAL_NULL_CONVERSION = YES;
				CLANG_WARN_OBJC_LITERAL_CONVERSION = YES;
				CLANG_WARN_OBJC_ROOT_CLASS = YES_ERROR;
				CLANG_WARN_RANGE_LOOP_ANALYSIS = YES;
				CLANG_WARN_STRICT_PROTOTYPES = YES;
				CLANG_WARN_SUSPICIOUS_MOVE = YES;
				CLANG_WARN_UNGUARDED_AVAILABILITY = YES_AGGRESSIVE;
				CLANG_WARN_UNREACHABLE_CODE = YES;
				CLANG_WARN__DUPLICATE_METHOD_MATCH = YES;
				CODE_SIGN_IDENTITY = "iPhone Developer";
				COPY_PHASE_STRIP = NO;
				DEBUG_INFORMATION_FORMAT = dwarf;
				ENABLE_STRICT_OBJC_MSGSEND = YES;
				ENABLE_TESTABILITY = YES;
				GCC_C_LANGUAGE_STANDARD = gnu11;
				GCC_DYNAMIC_NO_PIC = NO;
				GCC_NO_COMMON_BLOCKS = YES;
				GCC_OPTIMIZATION_LEVEL = 0;
				GCC_PREPROCESSOR_DEFINITIONS = (
					"DEBUG=1",
					"$(inherited)",
				);
				GCC_WARN_64_TO_32_BIT_CONVERSION = YES;
				GCC_WARN_ABOUT_RETURN_TYPE = YES_ERROR;
				GCC_WARN_UNDECLARED_SELECTOR = YES;
				GCC_WARN_UNINITIALIZED_AUTOS = YES_AGGRESSIVE;
				GCC_WARN_UNUSED_FUNCTION = YES;
				GCC_WARN_UNUSED_VARIABLE = YES;
				IPHONEOS_DEPLOYMENT_TARGET = 11.1;
				MTL_ENABLE_DEBUG_INFO = YES;
				ONLY_ACTIVE_ARCH = YES;
				SDKROOT = iphoneos;
				SWIFT_ACTIVE_COMPILATION_CONDITIONS = DEBUG;
				SWIFT_OPTIMIZATION_LEVEL = "-Onone";
			};
			name = Debug;
		};
		F6EEBF191FC0711D0032B8A8 /* Release */ = {
			isa = XCBuildConfiguration;
			buildSettings = {
				ALWAYS_SEARCH_USER_PATHS = NO;
				CLANG_ANALYZER_NONNULL = YES;
				CLANG_ANALYZER_NUMBER_OBJECT_CONVERSION = YES_AGGRESSIVE;
				CLANG_CXX_LANGUAGE_STANDARD = "gnu++14";
				CLANG_CXX_LIBRARY = "libc++";
				CLANG_ENABLE_MODULES = YES;
				CLANG_ENABLE_OBJC_ARC = YES;
				CLANG_WARN_BLOCK_CAPTURE_AUTORELEASING = YES;
				CLANG_WARN_BOOL_CONVERSION = YES;
				CLANG_WARN_COMMA = YES;
				CLANG_WARN_CONSTANT_CONVERSION = YES;
				CLANG_WARN_DIRECT_OBJC_ISA_USAGE = YES_ERROR;
				CLANG_WARN_DOCUMENTATION_COMMENTS = YES;
				CLANG_WARN_EMPTY_BODY = YES;
				CLANG_WARN_ENUM_CONVERSION = YES;
				CLANG_WARN_INFINITE_RECURSION = YES;
				CLANG_WARN_INT_CONVERSION = YES;
				CLANG_WARN_NON_LITERAL_NULL_CONVERSION = YES;
				CLANG_WARN_OBJC_LITERAL_CONVERSION = YES;
				CLANG_WARN_OBJC_ROOT_CLASS = YES_ERROR;
				CLANG_WARN_RANGE_LOOP_ANALYSIS = YES;
				CLANG_WARN_STRICT_PROTOTYPES = YES;
				CLANG_WARN_SUSPICIOUS_MOVE = YES;
				CLANG_WARN_UNGUARDED_AVAILABILITY = YES_AGGRESSIVE;
				CLANG_WARN_UNREACHABLE_CODE = YES;
				CLANG_WARN__DUPLICATE_METHOD_MATCH = YES;
				CODE_SIGN_IDENTITY = "iPhone Developer";
				COPY_PHASE_STRIP = NO;
				DEBUG_INFORMATION_FORMAT = "dwarf-with-dsym";
				ENABLE_NS_ASSERTIONS = NO;
				ENABLE_STRICT_OBJC_MSGSEND = YES;
				GCC_C_LANGUAGE_STANDARD = gnu11;
				GCC_NO_COMMON_BLOCKS = YES;
				GCC_WARN_64_TO_32_BIT_CONVERSION = YES;
				GCC_WARN_ABOUT_RETURN_TYPE = YES_ERROR;
				GCC_WARN_UNDECLARED_SELECTOR = YES;
				GCC_WARN_UNINITIALIZED_AUTOS = YES_AGGRESSIVE;
				GCC_WARN_UNUSED_FUNCTION = YES;
				GCC_WARN_UNUSED_VARIABLE = YES;
				IPHONEOS_DEPLOYMENT_TARGET = 11.1;
				MTL_ENABLE_DEBUG_INFO = NO;
				SDKROOT = iphoneos;
				SWIFT_OPTIMIZATION_LEVEL = "-Owholemodule";
				VALIDATE_PRODUCT = YES;
			};
			name = Release;
		};
		F6EEBF1B1FC0711D0032B8A8 /* Debug */ = {
			isa = XCBuildConfiguration;
			buildSettings = {
				ASSETCATALOG_COMPILER_APPICON_NAME = AppIcon;
				CODE_SIGN_STYLE = Automatic;
				INFOPLIST_FILE = youtube/Info.plist;
				LD_RUNPATH_SEARCH_PATHS = "$(inherited) @executable_path/Frameworks";
				PRODUCT_BUNDLE_IDENTIFIER = com.lewisle.youtube;
				PRODUCT_NAME = "$(TARGET_NAME)";
				SWIFT_VERSION = 4.0;
				TARGETED_DEVICE_FAMILY = "1,2";
			};
			name = Debug;
		};
		F6EEBF1C1FC0711D0032B8A8 /* Release */ = {
			isa = XCBuildConfiguration;
			buildSettings = {
				ASSETCATALOG_COMPILER_APPICON_NAME = AppIcon;
				CODE_SIGN_STYLE = Automatic;
				INFOPLIST_FILE = youtube/Info.plist;
				LD_RUNPATH_SEARCH_PATHS = "$(inherited) @executable_path/Frameworks";
				PRODUCT_BUNDLE_IDENTIFIER = com.lewisle.youtube;
				PRODUCT_NAME = "$(TARGET_NAME)";
				SWIFT_VERSION = 4.0;
				TARGETED_DEVICE_FAMILY = "1,2";
			};
			name = Release;
		};
/* End XCBuildConfiguration section */

/* Begin XCConfigurationList section */
		F6EEBF031FC0711D0032B8A8 /* Build configuration list for PBXProject "youtube" */ = {
			isa = XCConfigurationList;
			buildConfigurations = (
				F6EEBF181FC0711D0032B8A8 /* Debug */,
				F6EEBF191FC0711D0032B8A8 /* Release */,
			);
			defaultConfigurationIsVisible = 0;
			defaultConfigurationName = Release;
		};
		F6EEBF1A1FC0711D0032B8A8 /* Build configuration list for PBXNativeTarget "youtube" */ = {
			isa = XCConfigurationList;
			buildConfigurations = (
				F6EEBF1B1FC0711D0032B8A8 /* Debug */,
				F6EEBF1C1FC0711D0032B8A8 /* Release */,
			);
			defaultConfigurationIsVisible = 0;
			defaultConfigurationName = Release;
		};
/* End XCConfigurationList section */
	};
	rootObject = F6EEBF001FC0711D0032B8A8 /* Project object */;
}
